
Microsoft Visual Studio Solution File, Format Version 12.00
# Visual Studio 14
VisualStudioVersion = 14.0.25420.1
MinimumVisualStudioVersion = 10.0.40219.1
Project("{FAE04EC0-301F-11D3-BF4B-00C04F79EFBC}") = "SolidPrinciples", "SolidPrinciples\SolidPrinciples.csproj", "{4D35B88F-1CED-40AE-89FA-91DD2BD6784B}"
EndProject
Project("{FAE04EC0-301F-11D3-BF4B-00C04F79EFBC}") = "CustomerDetailApp", "CustomerDetailApp\CustomerDetailApp.csproj", "{B0827E06-AE00-4541-BD3C-72ACCCFC3040}"
EndProject
Global
	GlobalSection(SolutionConfigurationPlatforms) = preSolution
		Debug|Any CPU = Debug|Any CPU
		Release|Any CPU = Release|Any CPU
	EndGlobalSection
	GlobalSection(ProjectConfigurationPlatforms) = postSolution
		{4D35B88F-1CED-40AE-89FA-91DD2BD6784B}.Debug|Any CPU.ActiveCfg = Debug|Any CPU
		{4D35B88F-1CED-40AE-89FA-91DD2BD6784B}.Debug|Any CPU.Build.0 = Debug|Any CPU
		{4D35B88F-1CED-40AE-89FA-91DD2BD6784B}.Release|Any CPU.ActiveCfg = Release|Any CPU
		{4D35B88F-1CED-40AE-89FA-91DD2BD6784B}.Release|Any CPU.Build.0 = Release|Any CPU
		{B0827E06-AE00-4541-BD3C-72ACCCFC3040}.Debug|Any CPU.ActiveCfg = Debug|Any CPU
		{B0827E06-AE00-4541-BD3C-72ACCCFC3040}.Debug|Any CPU.Build.0 = Debug|Any CPU
		{B0827E06-AE00-4541-BD3C-72ACCCFC3040}.Release|Any CPU.ActiveCfg = Release|Any CPU
		{B0827E06-AE00-4541-BD3C-72ACCCFC3040}.Release|Any CPU.Build.0 = Release|Any CPU
	EndGlobalSection
	GlobalSection(SolutionProperties) = preSolution
		HideSolutionNode = FALSE
	EndGlobalSection
EndGlobal
